
Microsoft Visual Studio Solution File, Format Version 12.00
# Visual Studio Version 16
VisualStudioVersion = 16.0.28803.352
MinimumVisualStudioVersion = 10.0.40219.1
Project("{FAE04EC0-301F-11D3-BF4B-00C04F79EFBC}") = "CodeGenerator", "CodeGenerate\CodeGenerator.csproj", "{D37EF7DE-B34E-4C35-82D1-8F96B810B357}"
EndProject
Global
	GlobalSection(SolutionConfigurationPlatforms) = preSolution
		Debug|Any CPU = Debug|Any CPU
		Release|Any CPU = Release|Any CPU
	EndGlobalSection
	GlobalSection(ProjectConfigurationPlatforms) = postSolution
		{D37EF7DE-B34E-4C35-82D1-8F96B810B357}.Debug|Any CPU.ActiveCfg = Debug|Any CPU
		{D37EF7DE-B34E-4C35-82D1-8F96B810B357}.Debug|Any CPU.Build.0 = Debug|Any CPU
		{D37EF7DE-B34E-4C35-82D1-8F96B810B357}.Release|Any CPU.ActiveCfg = Release|Any CPU
		{D37EF7DE-B34E-4C35-82D1-8F96B810B357}.Release|Any CPU.Build.0 = Release|Any CPU
	EndGlobalSection
	GlobalSection(SolutionProperties) = preSolution
		HideSolutionNode = FALSE
	EndGlobalSection
	GlobalSection(ExtensibilityGlobals) = postSolution
		SolutionGuid = {5E89B67B-F8BF-4215-A73F-8275DCBFBF33}
	EndGlobalSection
EndGlobal
